
Microsoft Visual Studio Solution File, Format Version 12.00
# Visual Studio 15
VisualStudioVersion = 15.0.27703.2042
MinimumVisualStudioVersion = 10.0.40219.1
Project("{FAE04EC0-301F-11D3-BF4B-00C04F79EFBC}") = "MvcAngularJsTests", "MvcAngularJsTests\MvcAngularJsTests.csproj", "{82905C2F-39AB-4750-8159-A13D3B131FC5}"
EndProject
Global
	GlobalSection(SolutionConfigurationPlatforms) = preSolution
		Debug|Any CPU = Debug|Any CPU
		Release|Any CPU = Release|Any CPU
	EndGlobalSection
	GlobalSection(ProjectConfigurationPlatforms) = postSolution
		{82905C2F-39AB-4750-8159-A13D3B131FC5}.Debug|Any CPU.ActiveCfg = Debug|Any CPU
		{82905C2F-39AB-4750-8159-A13D3B131FC5}.Debug|Any CPU.Build.0 = Debug|Any CPU
		{82905C2F-39AB-4750-8159-A13D3B131FC5}.Release|Any CPU.ActiveCfg = Release|Any CPU
		{82905C2F-39AB-4750-8159-A13D3B131FC5}.Release|Any CPU.Build.0 = Release|Any CPU
	EndGlobalSection
	GlobalSection(SolutionProperties) = preSolution
		HideSolutionNode = FALSE
	EndGlobalSection
	GlobalSection(ExtensibilityGlobals) = postSolution
		SolutionGuid = {50E259EE-B4F4-44B2-BEF7-3916E1B93662}
	EndGlobalSection
EndGlobal
